<?xml version="1.0" encoding="utf-8"?>
<Project ToolsVersion="4.0" xmlns="http://schemas.microsoft.com/developer/msbuild/2003">
  <ItemGroup>
    <Filter Include="Source Files">
      <UniqueIdentifier>{4FC737F1-C7A5-4376-A066-2A32D752A2FF}</UniqueIdentifier>
      <Extensions>cpp;c;cc;cxx;def;odl;idl;hpj;bat;asm;asmx</Extensions>
    </Filter>
    <Filter Include="Header Files">
      <UniqueIdentifier>{93995380-89BD-4b04-88EB-625FBE52EBFB}</UniqueIdentifier>
      <Extensions>h;hh;hpp;hxx;hm;inl;inc;xsd</Extensions>
    </Filter>
    <Filter Include="Resource Files">
      <UniqueIdentifier>{67DA6AB6-F800-4c08-8B7A-83BB121AAD01}</UniqueIdentifier>
      <Extensions>rc;ico;cur;bmp;dlg;rc2;rct;bin;rgs;gif;jpg;jpeg;jpe;resx;tiff;tif;png;wav;mfcribbon-ms</Extensions>
    </Filter>
  </ItemGroup>
  <ItemGroup>
    <ClInclude Include="stdafx.h">
      <Filter>Header Files</Filter>
    </ClInclude>
    <ClInclude Include="targetver.h">
      <Filter>Header Files</Filter>
    </ClInclude>
    <ClInclude Include="lt.h">
      <Filter>Header Files</Filter>
    </ClInclude>
    <ClInclude Include="WorldTreeNode.h">
      <Filter>Header Files</Filter>
    </ClInclude>
    <ClInclude Include="WorldTree.h">
      <Filter>Header Files</Filter>
    </ClInclude>
    <ClInclude Include="CPreMainWorld.h">
      <Filter>Header Files</Filter>
    </ClInclude>
    <ClInclude Include="WorldBSP.h">
      <Filter>Header Files</Filter>
    </ClInclude>
    <ClInclude Include="Vertex.h">
      <Filter>Header Files</Filter>
    </ClInclude>
    <ClInclude Include="LTPlane.h">
      <Filter>Header Files</Filter>
    </ClInclude>
    <ClInclude Include="Surface.h">
      <Filter>Header Files</Filter>
    </ClInclude>
    <ClInclude Include="Node.h">
      <Filter>Header Files</Filter>
    </ClInclude>
    <ClInclude Include="SPolyVertex.h">
      <Filter>Header Files</Filter>
    </ClInclude>
    <ClInclude Include="WorldPoly.h">
      <Filter>Header Files</Filter>
    </ClInclude>
    <ClInclude Include="DE_World.h">
      <Filter>Header Files</Filter>
    </ClInclude>
    <ClInclude Include="WorldData.h">
      <Filter>Header Files</Filter>
    </ClInclude>
    <ClInclude Include="CLightTable.h">
      <Filter>Header Files</Filter>
    </ClInclude>
    <ClInclude Include="ltlink.h">
      <Filter>Header Files</Filter>
    </ClInclude>
    <ClInclude Include="RenderWorld.h">
      <Filter>Header Files</Filter>
    </ClInclude>
    <ClInclude Include="RenderBlock.h">
      <Filter>Header Files</Filter>
    </ClInclude>
    <ClInclude Include="CRBSection.h">
      <Filter>Header Files</Filter>
    </ClInclude>
    <ClInclude Include="de_sprite.h">
      <Filter>Header Files</Filter>
    </ClInclude>
    <ClInclude Include="SpriteControl.h">
      <Filter>Header Files</Filter>
    </ClInclude>
  </ItemGroup>
  <ItemGroup>
    <ClCompile Include="stdafx.cpp">
      <Filter>Source Files</Filter>
    </ClCompile>
    <ClCompile Include="MapLoader.cpp">
      <Filter>Source Files</Filter>
    </ClCompile>
    <ClCompile Include="WorldTreeNode.cpp">
      <Filter>Source Files</Filter>
    </ClCompile>
    <ClCompile Include="WorldTree.cpp">
      <Filter>Source Files</Filter>
    </ClCompile>
    <ClCompile Include="CPreMainWorld.cpp">
      <Filter>Source Files</Filter>
    </ClCompile>
    <ClCompile Include="WorldBSP.cpp">
      <Filter>Source Files</Filter>
    </ClCompile>
    <ClCompile Include="Vertex.cpp">
      <Filter>Source Files</Filter>
    </ClCompile>
    <ClCompile Include="LTPlane.cpp">
      <Filter>Source Files</Filter>
    </ClCompile>
    <ClCompile Include="Surface.cpp">
      <Filter>Source Files</Filter>
    </ClCompile>
    <ClCompile Include="Node.cpp">
      <Filter>Source Files</Filter>
    </ClCompile>
    <ClCompile Include="SPolyVertex.cpp">
      <Filter>Source Files</Filter>
    </ClCompile>
    <ClCompile Include="WorldPoly.cpp">
      <Filter>Source Files</Filter>
    </ClCompile>
    <ClCompile Include="WorldData.cpp">
      <Filter>Source Files</Filter>
    </ClCompile>
    <ClCompile Include="CLightTable.cpp">
      <Filter>Source Files</Filter>
    </ClCompile>
    <ClCompile Include="ltlink.cpp">
      <Filter>Source Files</Filter>
    </ClCompile>
    <ClCompile Include="RenderWorld.cpp">
      <Filter>Source Files</Filter>
    </ClCompile>
    <ClCompile Include="RenderBlock.cpp">
      <Filter>Source Files</Filter>
    </ClCompile>
    <ClCompile Include="CRBSection.cpp">
      <Filter>Source Files</Filter>
    </ClCompile>
    <ClCompile Include="DE_World.cpp">
      <Filter>Source Files</Filter>
    </ClCompile>
  </ItemGroup>
</Project>